// !$*UTF8*$!
{
	archiveVersion = 1;
	classes = {
	};
	objectVersion = 50;
	objects = {

/* Begin PBXBuildFile section */
		BC73923D24F6C457000F81A1 /* AppDelegate.swift in Sources */ = {isa = PBXBuildFile; fileRef = BC73923C24F6C457000F81A1 /* AppDelegate.swift */; };
		BC73923F24F6C457000F81A1 /* SceneDelegate.swift in Sources */ = {isa = PBXBuildFile; fileRef = BC73923E24F6C457000F81A1 /* SceneDelegate.swift */; };
		BC73924124F6C457000F81A1 /* ViewController.swift in Sources */ = {isa = PBXBuildFile; fileRef = BC73924024F6C457000F81A1 /* ViewController.swift */; };
		BC73924424F6C457000F81A1 /* Main.storyboard in Resources */ = {isa = PBXBuildFile; fileRef = BC73924224F6C457000F81A1 /* Main.storyboard */; };
		BC73924624F6C458000F81A1 /* Assets.xcassets in Resources */ = {isa = PBXBuildFile; fileRef = BC73924524F6C458000F81A1 /* Assets.xcassets */; };
		BC73924924F6C458000F81A1 /* LaunchScreen.storyboard in Resources */ = {isa = PBXBuildFile; fileRef = BC73924724F6C458000F81A1 /* LaunchScreen.storyboard */; };
		BC73925124F6C4AF000F81A1 /* NextViewController.swift in Sources */ = {isa = PBXBuildFile; fileRef = BC73925024F6C4AF000F81A1 /* NextViewController.swift */; };
/* End PBXBuildFile section */

/* Begin PBXFileReference section */
		BC73923924F6C457000F81A1 /* Swift5MapAndProtocol1.app */ = {isa = PBXFileReference; explicitFileType = wrapper.application; includeInIndex = 0; path = Swift5MapAndProtocol1.app; sourceTree = BUILT_PRODUCTS_DIR; };
		BC73923C24F6C457000F81A1 /* AppDelegate.swift */ = {isa = PBXFileReference; lastKnownFileType = sourcecode.swift; path = AppDelegate.swift; sourceTree = "<group>"; };
		BC73923E24F6C457000F81A1 /* SceneDelegate.swift */ = {isa = PBXFileReference; lastKnownFileType = sourcecode.swift; path = SceneDelegate.swift; sourceTree = "<group>"; };
		BC73924024F6C457000F81A1 /* ViewController.swift */ = {isa = PBXFileReference; lastKnownFileType = sourcecode.swift; path = ViewController.swift; sourceTree = "<group>"; };
		BC73924324F6C457000F81A1 /* Base */ = {isa = PBXFileReference; lastKnownFileType = file.storyboard; name = Base; path = Base.lproj/Main.storyboard; sourceTree = "<group>"; };
		BC73924524F6C458000F81A1 /* Assets.xcassets */ = {isa = PBXFileReference; lastKnownFileType = folder.assetcatalog; path = Assets.xcassets; sourceTree = "<group>"; };
		BC73924824F6C458000F81A1 /* Base */ = {isa = PBXFileReference; lastKnownFileType = file.storyboard; name = Base; path = Base.lproj/LaunchScreen.storyboard; sourceTree = "<group>"; };
		BC73924A24F6C458000F81A1 /* Info.plist */ = {isa = PBXFileReference; lastKnownFileType = text.plist.xml; path = Info.plist; sourceTree = "<group>"; };
		BC73925024F6C4AF000F81A1 /* NextViewController.swift */ = {isa = PBXFileReference; lastKnownFileType = sourcecode.swift; path = NextViewController.swift; sourceTree = "<group>"; };
/* End PBXFileReference section */

/* Begin PBXFrameworksBuildPhase section */
		BC73923624F6C457000F81A1 /* Frameworks */ = {
			isa = PBXFrameworksBuildPhase;
			buildActionMask = 2147483647;
			files = (
			);
			runOnlyForDeploymentPostprocessing = 0;
		};
/* End PBXFrameworksBuildPhase section */

/* Begin PBXGroup section */
		BC73923024F6C457000F81A1 = {
			isa = PBXGroup;
			children = (
				BC73923B24F6C457000F81A1 /* Swift5MapAndProtocol1 */,
				BC73923A24F6C457000F81A1 /* Products */,
			);
			sourceTree = "<group>";
		};
		BC73923A24F6C457000F81A1 /* Products */ = {
			isa = PBXGroup;
			children = (
				BC73923924F6C457000F81A1 /* Swift5MapAndProtocol1.app */,
			);
			name = Products;
			sourceTree = "<group>";
		};
		BC73923B24F6C457000F81A1 /* Swift5MapAndProtocol1 */ = {
			isa = PBXGroup;
			children = (
				BC73923C24F6C457000F81A1 /* AppDelegate.swift */,
				BC73923E24F6C457000F81A1 /* SceneDelegate.swift */,
				BC73924024F6C457000F81A1 /* ViewController.swift */,
				BC73925024F6C4AF000F81A1 /* NextViewController.swift */,
				BC73924224F6C457000F81A1 /* Main.storyboard */,
				BC73924524F6C458000F81A1 /* Assets.xcassets */,
				BC73924724F6C458000F81A1 /* LaunchScreen.storyboard */,
				BC73924A24F6C458000F81A1 /* Info.plist */,
			);
			path = Swift5MapAndProtocol1;
			sourceTree = "<group>";
		};
/* End PBXGroup section */

/* Begin PBXNativeTarget section */
		BC73923824F6C457000F81A1 /* Swift5MapAndProtocol1 */ = {
			isa = PBXNativeTarget;
			buildConfigurationList = BC73924D24F6C458000F81A1 /* Build configuration list for PBXNativeTarget "Swift5MapAndProtocol1" */;
			buildPhases = (
				BC73923524F6C457000F81A1 /* Sources */,
				BC73923624F6C457000F81A1 /* Frameworks */,
				BC73923724F6C457000F81A1 /* Resources */,
			);
			buildRules = (
			);
			dependencies = (
			);
			name = Swift5MapAndProtocol1;
			productName = Swift5MapAndProtocol1;
			productReference = BC73923924F6C457000F81A1 /* Swift5MapAndProtocol1.app */;
			productType = "com.apple.product-type.application";
		};
/* End PBXNativeTarget section */

/* Begin PBXProject section */
		BC73923124F6C457000F81A1 /* Project object */ = {
			isa = PBXProject;
			attributes = {
				LastSwiftUpdateCheck = 1160;
				LastUpgradeCheck = 1160;
				ORGANIZATIONNAME = uehoho;
				TargetAttributes = {
					BC73923824F6C457000F81A1 = {
						CreatedOnToolsVersion = 11.6;
					};
				};
			};
			buildConfigurationList = BC73923424F6C457000F81A1 /* Build configuration list for PBXProject "Swift5MapAndProtocol1" */;
			compatibilityVersion = "Xcode 9.3";
			developmentRegion = en;
			hasScannedForEncodings = 0;
			knownRegions = (
				en,
				Base,
			);
			mainGroup = BC73923024F6C457000F81A1;
			productRefGroup = BC73923A24F6C457000F81A1 /* Products */;
			projectDirPath = "";
			projectRoot = "";
			targets = (
				BC73923824F6C457000F81A1 /* Swift5MapAndProtocol1 */,
			);
		};
/* End PBXProject section */

/* Begin PBXResourcesBuildPhase section */
		BC73923724F6C457000F81A1 /* Resources */ = {
			isa = PBXResourcesBuildPhase;
			buildActionMask = 2147483647;
			files = (
				BC73924924F6C458000F81A1 /* LaunchScreen.storyboard in Resources */,
				BC73924624F6C458000F81A1 /* Assets.xcassets in Resources */,
				BC73924424F6C457000F81A1 /* Main.storyboard in Resources */,
			);
			runOnlyForDeploymentPostprocessing = 0;
		};
/* End PBXResourcesBuildPhase section */

/* Begin PBXSourcesBuildPhase section */
		BC73923524F6C457000F81A1 /* Sources */ = {
			isa = PBXSourcesBuildPhase;
			buildActionMask = 2147483647;
			files = (
				BC73924124F6C457000F81A1 /* ViewController.swift in Sources */,
				BC73925124F6C4AF000F81A1 /* NextViewController.swift in Sources */,
				BC73923D24F6C457000F81A1 /* AppDelegate.swift in Sources */,
				BC73923F24F6C457000F81A1 /* SceneDelegate.swift in Sources */,
			);
			runOnlyForDeploymentPostprocessing = 0;
		};
/* End PBXSourcesBuildPhase section */

/* Begin PBXVariantGroup section */
		BC73924224F6C457000F81A1 /* Main.storyboard */ = {
			isa = PBXVariantGroup;
			children = (
				BC73924324F6C457000F81A1 /* Base */,
			);
			name = Main.storyboard;
			sourceTree = "<group>";
		};
		BC73924724F6C458000F81A1 /* LaunchScreen.storyboard */ = {
			isa = PBXVariantGroup;
			children = (
				BC73924824F6C458000F81A1 /* Base */,
			);
			name = LaunchScreen.storyboard;
			sourceTree = "<group>";
		};
/* End PBXVariantGroup section */

/* Begin XCBuildConfiguration section */
		BC73924B24F6C458000F81A1 /* Debug */ = {
			isa = XCBuildConfiguration;
			buildSettings = {
				ALWAYS_SEARCH_USER_PATHS = NO;
				CLANG_ANALYZER_NONNULL = YES;
				CLANG_ANALYZER_NUMBER_OBJECT_CONVERSION = YES_AGGRESSIVE;
				CLANG_CXX_LANGUAGE_STANDARD = "gnu++14";
				CLANG_CXX_LIBRARY = "libc++";
				CLANG_ENABLE_MODULES = YES;
				CLANG_ENABLE_OBJC_ARC = YES;
				CLANG_ENABLE_OBJC_WEAK = YES;
				CLANG_WARN_BLOCK_CAPTURE_AUTORELEASING = YES;
				CLANG_WARN_BOOL_CONVERSION = YES;
				CLANG_WARN_COMMA = YES;
				CLANG_WARN_CONSTANT_CONVERSION = YES;
				CLANG_WARN_DEPRECATED_OBJC_IMPLEMENTATIONS = YES;
				CLANG_WARN_DIRECT_OBJC_ISA_USAGE = YES_ERROR;
				CLANG_WARN_DOCUMENTATION_COMMENTS = YES;
				CLANG_WARN_EMPTY_BODY = YES;
				CLANG_WARN_ENUM_CONVERSION = YES;
				CLANG_WARN_INFINITE_RECURSION = YES;
				CLANG_WARN_INT_CONVERSION = YES;
				CLANG_WARN_NON_LITERAL_NULL_CONVERSION = YES;
				CLANG_WARN_OBJC_IMPLICIT_RETAIN_SELF = YES;
				CLANG_WARN_OBJC_LITERAL_CONVERSION = YES;
				CLANG_WARN_OBJC_ROOT_CLASS = YES_ERROR;
				CLANG_WARN_RANGE_LOOP_ANALYSIS = YES;
				CLANG_WARN_STRICT_PROTOTYPES = YES;
				CLANG_WARN_SUSPICIOUS_MOVE = YES;
				CLANG_WARN_UNGUARDED_AVAILABILITY = YES_AGGRESSIVE;
				CLANG_WARN_UNREACHABLE_CODE = YES;
				CLANG_WARN__DUPLICATE_METHOD_MATCH = YES;
				COPY_PHASE_STRIP = NO;
				DEBUG_INFORMATION_FORMAT = dwarf;
				ENABLE_STRICT_OBJC_MSGSEND = YES;
				ENABLE_TESTABILITY = YES;
				GCC_C_LANGUAGE_STANDARD = gnu11;
				GCC_DYNAMIC_NO_PIC = NO;
				GCC_NO_COMMON_BLOCKS = YES;
				GCC_OPTIMIZATION_LEVEL = 0;
				GCC_PREPROCESSOR_DEFINITIONS = (
					"DEBUG=1",
					"$(inherited)",
				);
				GCC_WARN_64_TO_32_BIT_CONVERSION = YES;
				GCC_WARN_ABOUT_RETURN_TYPE = YES_ERROR;
				GCC_WARN_UNDECLARED_SELECTOR = YES;
				GCC_WARN_UNINITIALIZED_AUTOS = YES_AGGRESSIVE;
				GCC_WARN_UNUSED_FUNCTION = YES;
				GCC_WARN_UNUSED_VARIABLE = YES;
				IPHONEOS_DEPLOYMENT_TARGET = 13.6;
				MTL_ENABLE_DEBUG_INFO = INCLUDE_SOURCE;
				MTL_FAST_MATH = YES;
				ONLY_ACTIVE_ARCH = YES;
				SDKROOT = iphoneos;
				SWIFT_ACTIVE_COMPILATION_CONDITIONS = DEBUG;
				SWIFT_OPTIMIZATION_LEVEL = "-Onone";
			};
			name = Debug;
		};
		BC73924C24F6C458000F81A1 /* Release */ = {
			isa = XCBuildConfiguration;
			buildSettings = {
				ALWAYS_SEARCH_USER_PATHS = NO;
				CLANG_ANALYZER_NONNULL = YES;
				CLANG_ANALYZER_NUMBER_OBJECT_CONVERSION = YES_AGGRESSIVE;
				CLANG_CXX_LANGUAGE_STANDARD = "gnu++14";
				CLANG_CXX_LIBRARY = "libc++";
				CLANG_ENABLE_MODULES = YES;
				CLANG_ENABLE_OBJC_ARC = YES;
				CLANG_ENABLE_OBJC_WEAK = YES;
				CLANG_WARN_BLOCK_CAPTURE_AUTORELEASING = YES;
				CLANG_WARN_BOOL_CONVERSION = YES;
				CLANG_WARN_COMMA = YES;
				CLANG_WARN_CONSTANT_CONVERSION = YES;
				CLANG_WARN_DEPRECATED_OBJC_IMPLEMENTATIONS = YES;
				CLANG_WARN_DIRECT_OBJC_ISA_USAGE = YES_ERROR;
				CLANG_WARN_DOCUMENTATION_COMMENTS = YES;
				CLANG_WARN_EMPTY_BODY = YES;
				CLANG_WARN_ENUM_CONVERSION = YES;
				CLANG_WARN_INFINITE_RECURSION = YES;
				CLANG_WARN_INT_CONVERSION = YES;
				CLANG_WARN_NON_LITERAL_NULL_CONVERSION = YES;
				CLANG_WARN_OBJC_IMPLICIT_RETAIN_SELF = YES;
				CLANG_WARN_OBJC_LITERAL_CONVERSION = YES;
				CLANG_WARN_OBJC_ROOT_CLASS = YES_ERROR;
				CLANG_WARN_RANGE_LOOP_ANALYSIS = YES;
				CLANG_WARN_STRICT_PROTOTYPES = YES;
				CLANG_WARN_SUSPICIOUS_MOVE = YES;
				CLANG_WARN_UNGUARDED_AVAILABILITY = YES_AGGRESSIVE;
				CLANG_WARN_UNREACHABLE_CODE = YES;
				CLANG_WARN__DUPLICATE_METHOD_MATCH = YES;
				COPY_PHASE_STRIP = NO;
				DEBUG_INFORMATION_FORMAT = "dwarf-with-dsym";
				ENABLE_NS_ASSERTIONS = NO;
				ENABLE_STRICT_OBJC_MSGSEND = YES;
				GCC_C_LANGUAGE_STANDARD = gnu11;
				GCC_NO_COMMON_BLOCKS = YES;
				GCC_WARN_64_TO_32_BIT_CONVERSION = YES;
				GCC_WARN_ABOUT_RETURN_TYPE = YES_ERROR;
				GCC_WARN_UNDECLARED_SELECTOR = YES;
				GCC_WARN_UNINITIALIZED_AUTOS = YES_AGGRESSIVE;
				GCC_WARN_UNUSED_FUNCTION = YES;
				GCC_WARN_UNUSED_VARIABLE = YES;
				IPHONEOS_DEPLOYMENT_TARGET = 13.6;
				MTL_ENABLE_DEBUG_INFO = NO;
				MTL_FAST_MATH = YES;
				SDKROOT = iphoneos;
				SWIFT_COMPILATION_MODE = wholemodule;
				SWIFT_OPTIMIZATION_LEVEL = "-O";
				VALIDATE_PRODUCT = YES;
			};
			name = Release;
		};
		BC73924E24F6C458000F81A1 /* Debug */ = {
			isa = XCBuildConfiguration;
			buildSettings = {
				ASSETCATALOG_COMPILER_APPICON_NAME = AppIcon;
				CODE_SIGN_STYLE = Automatic;
				INFOPLIST_FILE = Swift5MapAndProtocol1/Info.plist;
				LD_RUNPATH_SEARCH_PATHS = (
					"$(inherited)",
					"@executable_path/Frameworks",
				);
				PRODUCT_BUNDLE_IDENTIFIER = com.example.Swift5MapAndProtocol1;
				PRODUCT_NAME = "$(TARGET_NAME)";
				SWIFT_VERSION = 5.0;
				TARGETED_DEVICE_FAMILY = 1;
			};
			name = Debug;
		};
		BC73924F24F6C458000F81A1 /* Release */ = {
			isa = XCBuildConfiguration;
			buildSettings = {
				ASSETCATALOG_COMPILER_APPICON_NAME = AppIcon;
				CODE_SIGN_STYLE = Automatic;
				INFOPLIST_FILE = Swift5MapAndProtocol1/Info.plist;
				LD_RUNPATH_SEARCH_PATHS = (
					"$(inherited)",
					"@executable_path/Frameworks",
				);
				PRODUCT_BUNDLE_IDENTIFIER = com.example.Swift5MapAndProtocol1;
				PRODUCT_NAME = "$(TARGET_NAME)";
				SWIFT_VERSION = 5.0;
				TARGETED_DEVICE_FAMILY = 1;
			};
			name = Release;
		};
/* End XCBuildConfiguration section */

/* Begin XCConfigurationList section */
		BC73923424F6C457000F81A1 /* Build configuration list for PBXProject "Swift5MapAndProtocol1" */ = {
			isa = XCConfigurationList;
			buildConfigurations = (
				BC73924B24F6C458000F81A1 /* Debug */,
				BC73924C24F6C458000F81A1 /* Release */,
			);
			defaultConfigurationIsVisible = 0;
			defaultConfigurationName = Release;
		};
		BC73924D24F6C458000F81A1 /* Build configuration list for PBXNativeTarget "Swift5MapAndProtocol1" */ = {
			isa = XCConfigurationList;
			buildConfigurations = (
				BC73924E24F6C458000F81A1 /* Debug */,
				BC73924F24F6C458000F81A1 /* Release */,
			);
			defaultConfigurationIsVisible = 0;
			defaultConfigurationName = Release;
		};
/* End XCConfigurationList section */
	};
	rootObject = BC73923124F6C457000F81A1 /* Project object */;
}
